
Microsoft Visual Studio Solution File, Format Version 12.00
# Visual Studio Version 16
VisualStudioVersion = 16.0.32228.343
MinimumVisualStudioVersion = 10.0.40219.1
Project("{9A19103F-16F7-4668-BE54-9A1E7A4F7556}") = "UserData", "UserData\UserData.csproj", "{CA12A167-0F54-48C7-B8AD-BDC673F06E12}"
EndProject
Project("{9A19103F-16F7-4668-BE54-9A1E7A4F7556}") = "UserPIN", "UserPIN\UserPIN.csproj", "{0EE163A1-CD7F-4F80-BB9A-A9580575896E}"
EndProject
Project("{FAE04EC0-301F-11D3-BF4B-00C04F79EFBC}") = "InstagramAgeCheck", "InstagramAgeCheck\InstagramAgeCheck.csproj", "{9BF1517D-3C77-4A67-85A7-809667F2E471}"
EndProject
Project("{FAE04EC0-301F-11D3-BF4B-00C04F79EFBC}") = "DrivingLisence", "DrivingLisence\DrivingLisence.csproj", "{C86B544B-8BD8-4BC6-8CCC-4FA806BE6C03}"
EndProject
Global
	GlobalSection(SolutionConfigurationPlatforms) = preSolution
		Debug|Any CPU = Debug|Any CPU
		Release|Any CPU = Release|Any CPU
	EndGlobalSection
	GlobalSection(ProjectConfigurationPlatforms) = postSolution
		{CA12A167-0F54-48C7-B8AD-BDC673F06E12}.Debug|Any CPU.ActiveCfg = Debug|Any CPU
		{CA12A167-0F54-48C7-B8AD-BDC673F06E12}.Debug|Any CPU.Build.0 = Debug|Any CPU
		{CA12A167-0F54-48C7-B8AD-BDC673F06E12}.Release|Any CPU.ActiveCfg = Release|Any CPU
		{CA12A167-0F54-48C7-B8AD-BDC673F06E12}.Release|Any CPU.Build.0 = Release|Any CPU
		{0EE163A1-CD7F-4F80-BB9A-A9580575896E}.Debug|Any CPU.ActiveCfg = Debug|Any CPU
		{0EE163A1-CD7F-4F80-BB9A-A9580575896E}.Debug|Any CPU.Build.0 = Debug|Any CPU
		{0EE163A1-CD7F-4F80-BB9A-A9580575896E}.Release|Any CPU.ActiveCfg = Release|Any CPU
		{0EE163A1-CD7F-4F80-BB9A-A9580575896E}.Release|Any CPU.Build.0 = Release|Any CPU
		{9BF1517D-3C77-4A67-85A7-809667F2E471}.Debug|Any CPU.ActiveCfg = Debug|Any CPU
		{9BF1517D-3C77-4A67-85A7-809667F2E471}.Debug|Any CPU.Build.0 = Debug|Any CPU
		{9BF1517D-3C77-4A67-85A7-809667F2E471}.Release|Any CPU.ActiveCfg = Release|Any CPU
		{9BF1517D-3C77-4A67-85A7-809667F2E471}.Release|Any CPU.Build.0 = Release|Any CPU
		{C86B544B-8BD8-4BC6-8CCC-4FA806BE6C03}.Debug|Any CPU.ActiveCfg = Debug|Any CPU
		{C86B544B-8BD8-4BC6-8CCC-4FA806BE6C03}.Debug|Any CPU.Build.0 = Debug|Any CPU
		{C86B544B-8BD8-4BC6-8CCC-4FA806BE6C03}.Release|Any CPU.ActiveCfg = Release|Any CPU
		{C86B544B-8BD8-4BC6-8CCC-4FA806BE6C03}.Release|Any CPU.Build.0 = Release|Any CPU
	EndGlobalSection
	GlobalSection(SolutionProperties) = preSolution
		HideSolutionNode = FALSE
	EndGlobalSection
	GlobalSection(ExtensibilityGlobals) = postSolution
		SolutionGuid = {99864908-ED19-4977-BAAB-8091CF2CFCCF}
	EndGlobalSection
EndGlobal
